
Microsoft Visual Studio Solution File, Format Version 12.00
# Visual Studio Version 17
VisualStudioVersion = 17.0.31903.59
MinimumVisualStudioVersion = 10.0.40219.1
Project("{FAE04EC0-301F-11D3-BF4B-00C04F79EFBC}") = "Quicksell", "Quicksell\Quicksell.csproj", "{13C812E9-0D42-4B95-8646-40EEBF30636F}"
EndProject
Project("{FAE04EC0-301F-11D3-BF4B-00C04F79EFBC}") = "Quicksell.Pricing", "Quicksell.Pricing\Quicksell.Pricing.csproj", "{2A1F5A3C-8B44-4C21-9E77-1C0B6D3E9A11}"
EndProject
Project("{FAE04EC0-301F-11D3-BF4B-00C04F79EFBC}") = "Quicksell.Pricing.Tests", "Quicksell.Pricing.Tests\Quicksell.Pricing.Tests.csproj", "{7D3E2B48-5C19-4A6E-B0F2-9E4A7C8D1B33}"
EndProject
Global
	GlobalSection(SolutionConfigurationPlatforms) = preSolution
		Debug|x64 = Debug|x64
		Release|x64 = Release|x64
	EndGlobalSection
	GlobalSection(ProjectConfigurationPlatforms) = postSolution
		{13C812E9-0D42-4B95-8646-40EEBF30636F}.Debug|x64.ActiveCfg = Debug|x64
		{13C812E9-0D42-4B95-8646-40EEBF30636F}.Debug|x64.Build.0 = Debug|x64
		{13C812E9-0D42-4B95-8646-40EEBF30636F}.Release|x64.ActiveCfg = Release|x64
		{13C812E9-0D42-4B95-8646-40EEBF30636F}.Release|x64.Build.0 = Release|x64
		{2A1F5A3C-8B44-4C21-9E77-1C0B6D3E9A11}.Debug|x64.ActiveCfg = Debug|Any CPU
		{2A1F5A3C-8B44-4C21-9E77-1C0B6D3E9A11}.Debug|x64.Build.0 = Debug|Any CPU
		{2A1F5A3C-8B44-4C21-9E77-1C0B6D3E9A11}.Release|x64.ActiveCfg = Release|Any CPU
		{2A1F5A3C-8B44-4C21-9E77-1C0B6D3E9A11}.Release|x64.Build.0 = Release|Any CPU
		{7D3E2B48-5C19-4A6E-B0F2-9E4A7C8D1B33}.Debug|x64.ActiveCfg = Debug|Any CPU
		{7D3E2B48-5C19-4A6E-B0F2-9E4A7C8D1B33}.Debug|x64.Build.0 = Debug|Any CPU
		{7D3E2B48-5C19-4A6E-B0F2-9E4A7C8D1B33}.Release|x64.ActiveCfg = Release|Any CPU
		{7D3E2B48-5C19-4A6E-B0F2-9E4A7C8D1B33}.Release|x64.Build.0 = Release|Any CPU
	EndGlobalSection
	GlobalSection(SolutionProperties) = preSolution
		HideSolutionNode = FALSE
	EndGlobalSection
	GlobalSection(ExtensibilityGlobals) = postSolution
		SolutionGuid = {B17E85B1-5F60-4440-9F9A-3DDE877E8CDF}
	EndGlobalSection
EndGlobal
